PODS:
  - "UITextView+Placeholder (1.4.0)"

DEPENDENCIES:
  - "UITextView+Placeholder"

SPEC REPOS:
  trunk:
    - "UITextView+Placeholder"

SPEC CHECKSUMS:
  "UITextView+Placeholder": d7b0c400921f66523f3a85d74f774512e14f6502

PODFILE CHECKSUM: 227023f4ff1a8f1f0b4dc29fb04350fd171d7db6

COCOAPODS: 1.8.4
